// !$*UTF8*$!
{
	archiveVersion = 1;
	classes = {
	};
	objectVersion = 46;
	objects = {

/* Begin PBXBuildFile section */
		0616A8021F2786E4004BC8DC /* Person.m in Sources */ = {isa = PBXBuildFile; fileRef = 0616A8011F2786E4004BC8DC /* Person.m */; };
		0616A8051F27871D004BC8DC /* NSObject+Runtime.m in Sources */ = {isa = PBXBuildFile; fileRef = 0616A8041F27871D004BC8DC /* NSObject+Runtime.m */; };
		06C812D51E8D3F5D00681168 /* main.m in Sources */ = {isa = PBXBuildFile; fileRef = 06C812D41E8D3F5D00681168 /* main.m */; };
		06C812D81E8D3F5D00681168 /* AppDelegate.m in Sources */ = {isa = PBXBuildFile; fileRef = 06C812D71E8D3F5D00681168 /* AppDelegate.m */; };
		06C812DB1E8D3F5D00681168 /* ViewController.m in Sources */ = {isa = PBXBuildFile; fileRef = 06C812DA1E8D3F5D00681168 /* ViewController.m */; };
		06C812DE1E8D3F5D00681168 /* Main.storyboard in Resources */ = {isa = PBXBuildFile; fileRef = 06C812DC1E8D3F5D00681168 /* Main.storyboard */; };
		06C812E01E8D3F5D00681168 /* Assets.xcassets in Resources */ = {isa = PBXBuildFile; fileRef = 06C812DF1E8D3F5D00681168 /* Assets.xcassets */; };
		06C812E31E8D3F5D00681168 /* LaunchScreen.storyboard in Resources */ = {isa = PBXBuildFile; fileRef = 06C812E11E8D3F5D00681168 /* LaunchScreen.storyboard */; };
		06C812EE1E8D3F5D00681168 /* LH_AnimationTests.m in Sources */ = {isa = PBXBuildFile; fileRef = 06C812ED1E8D3F5D00681168 /* LH_AnimationTests.m */; };
		06C812F91E8D3F5D00681168 /* LH_AnimationUITests.m in Sources */ = {isa = PBXBuildFile; fileRef = 06C812F81E8D3F5D00681168 /* LH_AnimationUITests.m */; };
		06C813091E8D401600681168 /* AnimationOneViewController.m in Sources */ = {isa = PBXBuildFile; fileRef = 06C813081E8D401600681168 /* AnimationOneViewController.m */; };
		06C8130C1E8D48CA00681168 /* AnimationCommonOneViewController.m in Sources */ = {isa = PBXBuildFile; fileRef = 06C8130B1E8D48CA00681168 /* AnimationCommonOneViewController.m */; };
		EB03EF5F1EE7D0F200B2F212 /* LHAnimationThreeController.m in Sources */ = {isa = PBXBuildFile; fileRef = EB03EF5E1EE7D0F200B2F212 /* LHAnimationThreeController.m */; };
		EB03EF611EE7DD5400B2F212 /* document_test.rtf in Resources */ = {isa = PBXBuildFile; fileRef = EB03EF601EE7DD5400B2F212 /* document_test.rtf */; };
		EB2EF74C1E960E19002C43A2 /* OneVeiw.m in Sources */ = {isa = PBXBuildFile; fileRef = EB2EF74B1E960E19002C43A2 /* OneVeiw.m */; };
		EB869A0B1F1D9A0B0084AD2C /* LoadingHUD.m in Sources */ = {isa = PBXBuildFile; fileRef = EB869A0A1F1D9A0B0084AD2C /* LoadingHUD.m */; };
		EB869A0F1F1D9BCC0084AD2C /* JumpStarView.m in Sources */ = {isa = PBXBuildFile; fileRef = EB869A0E1F1D9BCC0084AD2C /* JumpStarView.m */; };
		EB869A2E1F1D9BE80084AD2C /* KYBubbleInteractiveTransition.m in Sources */ = {isa = PBXBuildFile; fileRef = EB869A121F1D9BE80084AD2C /* KYBubbleInteractiveTransition.m */; };
		EB869A2F1F1D9BE80084AD2C /* KYBubbleTransition.m in Sources */ = {isa = PBXBuildFile; fileRef = EB869A141F1D9BE80084AD2C /* KYBubbleTransition.m */; };
		EB869A481F1DA1C90084AD2C /* LHCircleView.m in Sources */ = {isa = PBXBuildFile; fileRef = EB869A471F1DA1C90084AD2C /* LHCircleView.m */; };
		EBF649681E977A640089BF30 /* AnimationCommonTwoViewController.m in Sources */ = {isa = PBXBuildFile; fileRef = EBF649671E977A630089BF30 /* AnimationCommonTwoViewController.m */; };
		EBF6496B1E977C040089BF30 /* VariFlightAnimationView.m in Sources */ = {isa = PBXBuildFile; fileRef = EBF6496A1E977C040089BF30 /* VariFlightAnimationView.m */; };
/* End PBXBuildFile section */

/* Begin PBXContainerItemProxy section */
		06C812EA1E8D3F5D00681168 /* PBXContainerItemProxy */ = {
			isa = PBXContainerItemProxy;
			containerPortal = 06C812C81E8D3F5D00681168 /* Project object */;
			proxyType = 1;
			remoteGlobalIDString = 06C812CF1E8D3F5D00681168;
			remoteInfo = LH_Animation;
		};
		06C812F51E8D3F5D00681168 /* PBXContainerItemProxy */ = {
			isa = PBXContainerItemProxy;
			containerPortal = 06C812C81E8D3F5D00681168 /* Project object */;
			proxyType = 1;
			remoteGlobalIDString = 06C812CF1E8D3F5D00681168;
			remoteInfo = LH_Animation;
		};
/* End PBXContainerItemProxy section */

/* Begin PBXFileReference section */
		0616A8001F2786E4004BC8DC /* Person.h */ = {isa = PBXFileReference; fileEncoding = 4; lastKnownFileType = sourcecode.c.h; path = Person.h; sourceTree = "<group>"; };
		0616A8011F2786E4004BC8DC /* Person.m */ = {isa = PBXFileReference; fileEncoding = 4; lastKnownFileType = sourcecode.c.objc; path = Person.m; sourceTree = "<group>"; };
		0616A8031F27871D004BC8DC /* NSObject+Runtime.h */ = {isa = PBXFileReference; fileEncoding = 4; lastKnownFileType = sourcecode.c.h; path = "NSObject+Runtime.h"; sourceTree = "<group>"; };
		0616A8041F27871D004BC8DC /* NSObject+Runtime.m */ = {isa = PBXFileReference; fileEncoding = 4; lastKnownFileType = sourcecode.c.objc; path = "NSObject+Runtime.m"; sourceTree = "<group>"; };
		06C812D01E8D3F5D00681168 /* LH_Animation.app */ = {isa = PBXFileReference; explicitFileType = wrapper.application; includeInIndex = 0; path = LH_Animation.app; sourceTree = BUILT_PRODUCTS_DIR; };
		06C812D41E8D3F5D00681168 /* main.m */ = {isa = PBXFileReference; lastKnownFileType = sourcecode.c.objc; path = main.m; sourceTree = "<group>"; };
		06C812D61E8D3F5D00681168 /* AppDelegate.h */ = {isa = PBXFileReference; lastKnownFileType = sourcecode.c.h; path = AppDelegate.h; sourceTree = "<group>"; };
		06C812D71E8D3F5D00681168 /* AppDelegate.m */ = {isa = PBXFileReference; lastKnownFileType = sourcecode.c.objc; path = AppDelegate.m; sourceTree = "<group>"; };
		06C812D91E8D3F5D00681168 /* ViewController.h */ = {isa = PBXFileReference; lastKnownFileType = sourcecode.c.h; path = ViewController.h; sourceTree = "<group>"; };
		06C812DA1E8D3F5D00681168 /* ViewController.m */ = {isa = PBXFileReference; lastKnownFileType = sourcecode.c.objc; path = ViewController.m; sourceTree = "<group>"; };
		06C812DD1E8D3F5D00681168 /* Base */ = {isa = PBXFileReference; lastKnownFileType = file.storyboard; name = Base; path = Base.lproj/Main.storyboard; sourceTree = "<group>"; };
		06C812DF1E8D3F5D00681168 /* Assets.xcassets */ = {isa = PBXFileReference; lastKnownFileType = folder.assetcatalog; path = Assets.xcassets; sourceTree = "<group>"; };
		06C812E21E8D3F5D00681168 /* Base */ = {isa = PBXFileReference; lastKnownFileType = file.storyboard; name = Base; path = Base.lproj/LaunchScreen.storyboard; sourceTree = "<group>"; };
		06C812E41E8D3F5D00681168 /* Info.plist */ = {isa = PBXFileReference; lastKnownFileType = text.plist.xml; path = Info.plist; sourceTree = "<group>"; };
		06C812E91E8D3F5D00681168 /* LH_AnimationTests.xctest */ = {isa = PBXFileReference; explicitFileType = wrapper.cfbundle; includeInIndex = 0; path = LH_AnimationTests.xctest; sourceTree = BUILT_PRODUCTS_DIR; };
		06C812ED1E8D3F5D00681168 /* LH_AnimationTests.m */ = {isa = PBXFileReference; lastKnownFileType = sourcecode.c.objc; path = LH_AnimationTests.m; sourceTree = "<group>"; };
		06C812EF1E8D3F5D00681168 /* Info.plist */ = {isa = PBXFileReference; lastKnownFileType = text.plist.xml; path = Info.plist; sourceTree = "<group>"; };
		06C812F41E8D3F5D00681168 /* LH_AnimationUITests.xctest */ = {isa = PBXFileReference; explicitFileType = wrapper.cfbundle; includeInIndex = 0; path = LH_AnimationUITests.xctest; sourceTree = BUILT_PRODUCTS_DIR; };
		06C812F81E8D3F5D00681168 /* LH_AnimationUITests.m */ = {isa = PBXFileReference; lastKnownFileType = sourcecode.c.objc; path = LH_AnimationUITests.m; sourceTree = "<group>"; };
		06C812FA1E8D3F5D00681168 /* Info.plist */ = {isa = PBXFileReference; lastKnownFileType = text.plist.xml; path = Info.plist; sourceTree = "<group>"; };
		06C813071E8D401600681168 /* AnimationOneViewController.h */ = {isa = PBXFileReference; fileEncoding = 4; lastKnownFileType = sourcecode.c.h; path = AnimationOneViewController.h; sourceTree = "<group>"; };
		06C813081E8D401600681168 /* AnimationOneViewController.m */ = {isa = PBXFileReference; fileEncoding = 4; lastKnownFileType = sourcecode.c.objc; path = AnimationOneViewController.m; sourceTree = "<group>"; };
		06C8130A1E8D48CA00681168 /* AnimationCommonOneViewController.h */ = {isa = PBXFileReference; fileEncoding = 4; lastKnownFileType = sourcecode.c.h; path = AnimationCommonOneViewController.h; sourceTree = "<group>"; };
		06C8130B1E8D48CA00681168 /* AnimationCommonOneViewController.m */ = {isa = PBXFileReference; fileEncoding = 4; lastKnownFileType = sourcecode.c.objc; path = AnimationCommonOneViewController.m; sourceTree = "<group>"; };
		EB03EF5D1EE7D0F200B2F212 /* LHAnimationThreeController.h */ = {isa = PBXFileReference; fileEncoding = 4; lastKnownFileType = sourcecode.c.h; path = LHAnimationThreeController.h; sourceTree = "<group>"; };
		EB03EF5E1EE7D0F200B2F212 /* LHAnimationThreeController.m */ = {isa = PBXFileReference; fileEncoding = 4; lastKnownFileType = sourcecode.c.objc; path = LHAnimationThreeController.m; sourceTree = "<group>"; };
		EB03EF601EE7DD5400B2F212 /* document_test.rtf */ = {isa = PBXFileReference; fileEncoding = 4; lastKnownFileType = text.rtf; path = document_test.rtf; sourceTree = "<group>"; };
		EB2EF74A1E960E19002C43A2 /* OneVeiw.h */ = {isa = PBXFileReference; fileEncoding = 4; lastKnownFileType = sourcecode.c.h; path = OneVeiw.h; sourceTree = "<group>"; };
		EB2EF74B1E960E19002C43A2 /* OneVeiw.m */ = {isa = PBXFileReference; fileEncoding = 4; lastKnownFileType = sourcecode.c.objc; path = OneVeiw.m; sourceTree = "<group>"; };
		EB869A091F1D9A0B0084AD2C /* LoadingHUD.h */ = {isa = PBXFileReference; fileEncoding = 4; lastKnownFileType = sourcecode.c.h; path = LoadingHUD.h; sourceTree = "<group>"; };
		EB869A0A1F1D9A0B0084AD2C /* LoadingHUD.m */ = {isa = PBXFileReference; fileEncoding = 4; lastKnownFileType = sourcecode.c.objc; path = LoadingHUD.m; sourceTree = "<group>"; };
		EB869A0D1F1D9BCC0084AD2C /* JumpStarView.h */ = {isa = PBXFileReference; fileEncoding = 4; lastKnownFileType = sourcecode.c.h; path = JumpStarView.h; sourceTree = "<group>"; };
		EB869A0E1F1D9BCC0084AD2C /* JumpStarView.m */ = {isa = PBXFileReference; fileEncoding = 4; lastKnownFileType = sourcecode.c.objc; path = JumpStarView.m; sourceTree = "<group>"; };
		EB869A111F1D9BE80084AD2C /* KYBubbleInteractiveTransition.h */ = {isa = PBXFileReference; fileEncoding = 4; lastKnownFileType = sourcecode.c.h; path = KYBubbleInteractiveTransition.h; sourceTree = "<group>"; };
		EB869A121F1D9BE80084AD2C /* KYBubbleInteractiveTransition.m */ = {isa = PBXFileReference; fileEncoding = 4; lastKnownFileType = sourcecode.c.objc; path = KYBubbleInteractiveTransition.m; sourceTree = "<group>"; };
		EB869A131F1D9BE80084AD2C /* KYBubbleTransition.h */ = {isa = PBXFileReference; fileEncoding = 4; lastKnownFileType = sourcecode.c.h; path = KYBubbleTransition.h; sourceTree = "<group>"; };
		EB869A141F1D9BE80084AD2C /* KYBubbleTransition.m */ = {isa = PBXFileReference; fileEncoding = 4; lastKnownFileType = sourcecode.c.objc; path = KYBubbleTransition.m; sourceTree = "<group>"; };
		EB869A461F1DA1C90084AD2C /* LHCircleView.h */ = {isa = PBXFileReference; fileEncoding = 4; lastKnownFileType = sourcecode.c.h; path = LHCircleView.h; sourceTree = "<group>"; };
		EB869A471F1DA1C90084AD2C /* LHCircleView.m */ = {isa = PBXFileReference; fileEncoding = 4; lastKnownFileType = sourcecode.c.objc; path = LHCircleView.m; sourceTree = "<group>"; };
		EBF649661E977A630089BF30 /* AnimationCommonTwoViewController.h */ = {isa = PBXFileReference; fileEncoding = 4; lastKnownFileType = sourcecode.c.h; path = AnimationCommonTwoViewController.h; sourceTree = "<group>"; };
		EBF649671E977A630089BF30 /* AnimationCommonTwoViewController.m */ = {isa = PBXFileReference; fileEncoding = 4; lastKnownFileType = sourcecode.c.objc; path = AnimationCommonTwoViewController.m; sourceTree = "<group>"; };
		EBF649691E977C040089BF30 /* VariFlightAnimationView.h */ = {isa = PBXFileReference; fileEncoding = 4; lastKnownFileType = sourcecode.c.h; path = VariFlightAnimationView.h; sourceTree = "<group>"; };
		EBF6496A1E977C040089BF30 /* VariFlightAnimationView.m */ = {isa = PBXFileReference; fileEncoding = 4; lastKnownFileType = sourcecode.c.objc; path = VariFlightAnimationView.m; sourceTree = "<group>"; };
/* End PBXFileReference section */

/* Begin PBXFrameworksBuildPhase section */
		06C812CD1E8D3F5D00681168 /* Frameworks */ = {
			isa = PBXFrameworksBuildPhase;
			buildActionMask = 2147483647;
			files = (
			);
			runOnlyForDeploymentPostprocessing = 0;
		};
		06C812E61E8D3F5D00681168 /* Frameworks */ = {
			isa = PBXFrameworksBuildPhase;
			buildActionMask = 2147483647;
			files = (
			);
			runOnlyForDeploymentPostprocessing = 0;
		};
		06C812F11E8D3F5D00681168 /* Frameworks */ = {
			isa = PBXFrameworksBuildPhase;
			buildActionMask = 2147483647;
			files = (
			);
			runOnlyForDeploymentPostprocessing = 0;
		};
/* End PBXFrameworksBuildPhase section */

/* Begin PBXGroup section */
		0616A7FF1F278683004BC8DC /* rumtime */ = {
			isa = PBXGroup;
			children = (
				0616A8001F2786E4004BC8DC /* Person.h */,
				0616A8011F2786E4004BC8DC /* Person.m */,
				0616A8031F27871D004BC8DC /* NSObject+Runtime.h */,
				0616A8041F27871D004BC8DC /* NSObject+Runtime.m */,
			);
			name = rumtime;
			sourceTree = "<group>";
		};
		06C812C71E8D3F5D00681168 = {
			isa = PBXGroup;
			children = (
				06C812D21E8D3F5D00681168 /* LH_Animation */,
				06C812EC1E8D3F5D00681168 /* LH_AnimationTests */,
				06C812F71E8D3F5D00681168 /* LH_AnimationUITests */,
				06C812D11E8D3F5D00681168 /* Products */,
			);
			sourceTree = "<group>";
		};
		06C812D11E8D3F5D00681168 /* Products */ = {
			isa = PBXGroup;
			children = (
				06C812D01E8D3F5D00681168 /* LH_Animation.app */,
				06C812E91E8D3F5D00681168 /* LH_AnimationTests.xctest */,
				06C812F41E8D3F5D00681168 /* LH_AnimationUITests.xctest */,
			);
			name = Products;
			sourceTree = "<group>";
		};
		06C812D21E8D3F5D00681168 /* LH_Animation */ = {
			isa = PBXGroup;
			children = (
<<<<<<< HEAD
				EB869A451F1DA1A70084AD2C /* CircleView */,
				EB869A071F1D99F90084AD2C /* AnimationFour */,
=======
				0616A7FF1F278683004BC8DC /* rumtime */,
>>>>>>> 3eb5b88730476ff71f2bb62ae63efa34b0aaf120
				EB03EF5C1EE7D0D000B2F212 /* AnimationThree */,
				EBF649651E9779C40089BF30 /* AnimationTwo */,
				06C813061E8D3FF100681168 /* AnimationOne */,
				06C812D61E8D3F5D00681168 /* AppDelegate.h */,
				06C812D71E8D3F5D00681168 /* AppDelegate.m */,
				06C812D91E8D3F5D00681168 /* ViewController.h */,
				06C812DA1E8D3F5D00681168 /* ViewController.m */,
				EB03EF601EE7DD5400B2F212 /* document_test.rtf */,
				06C812DC1E8D3F5D00681168 /* Main.storyboard */,
				06C812DF1E8D3F5D00681168 /* Assets.xcassets */,
				06C812E11E8D3F5D00681168 /* LaunchScreen.storyboard */,
				06C812E41E8D3F5D00681168 /* Info.plist */,
				06C812D31E8D3F5D00681168 /* Supporting Files */,
			);
			path = LH_Animation;
			sourceTree = "<group>";
		};
		06C812D31E8D3F5D00681168 /* Supporting Files */ = {
			isa = PBXGroup;
			children = (
				06C812D41E8D3F5D00681168 /* main.m */,
			);
			name = "Supporting Files";
			sourceTree = "<group>";
		};
		06C812EC1E8D3F5D00681168 /* LH_AnimationTests */ = {
			isa = PBXGroup;
			children = (
				06C812ED1E8D3F5D00681168 /* LH_AnimationTests.m */,
				06C812EF1E8D3F5D00681168 /* Info.plist */,
			);
			path = LH_AnimationTests;
			sourceTree = "<group>";
		};
		06C812F71E8D3F5D00681168 /* LH_AnimationUITests */ = {
			isa = PBXGroup;
			children = (
				06C812F81E8D3F5D00681168 /* LH_AnimationUITests.m */,
				06C812FA1E8D3F5D00681168 /* Info.plist */,
			);
			path = LH_AnimationUITests;
			sourceTree = "<group>";
		};
		06C813061E8D3FF100681168 /* AnimationOne */ = {
			isa = PBXGroup;
			children = (
				EB2EF7491E960E06002C43A2 /* view */,
				06C813071E8D401600681168 /* AnimationOneViewController.h */,
				06C813081E8D401600681168 /* AnimationOneViewController.m */,
				06C8130A1E8D48CA00681168 /* AnimationCommonOneViewController.h */,
				06C8130B1E8D48CA00681168 /* AnimationCommonOneViewController.m */,
				EBF649661E977A630089BF30 /* AnimationCommonTwoViewController.h */,
				EBF649671E977A630089BF30 /* AnimationCommonTwoViewController.m */,
			);
			name = AnimationOne;
			sourceTree = "<group>";
		};
		EB03EF5C1EE7D0D000B2F212 /* AnimationThree */ = {
			isa = PBXGroup;
			children = (
				EB03EF5D1EE7D0F200B2F212 /* LHAnimationThreeController.h */,
				EB03EF5E1EE7D0F200B2F212 /* LHAnimationThreeController.m */,
			);
			name = AnimationThree;
			sourceTree = "<group>";
		};
		EB2EF7491E960E06002C43A2 /* view */ = {
			isa = PBXGroup;
			children = (
				EB2EF74A1E960E19002C43A2 /* OneVeiw.h */,
				EB2EF74B1E960E19002C43A2 /* OneVeiw.m */,
				EBF649691E977C040089BF30 /* VariFlightAnimationView.h */,
				EBF6496A1E977C040089BF30 /* VariFlightAnimationView.m */,
			);
			name = view;
			sourceTree = "<group>";
		};
		EB869A071F1D99F90084AD2C /* AnimationFour */ = {
			isa = PBXGroup;
			children = (
				EB869A101F1D9BE80084AD2C /* KYBubbleTransition */,
				EB869A0C1F1D9BCC0084AD2C /* JumpStarView */,
				EB869A081F1D9A0B0084AD2C /* LoadingHUD */,
			);
			name = AnimationFour;
			sourceTree = "<group>";
		};
		EB869A081F1D9A0B0084AD2C /* LoadingHUD */ = {
			isa = PBXGroup;
			children = (
				EB869A091F1D9A0B0084AD2C /* LoadingHUD.h */,
				EB869A0A1F1D9A0B0084AD2C /* LoadingHUD.m */,
			);
			path = LoadingHUD;
			sourceTree = "<group>";
		};
		EB869A0C1F1D9BCC0084AD2C /* JumpStarView */ = {
			isa = PBXGroup;
			children = (
				EB869A0D1F1D9BCC0084AD2C /* JumpStarView.h */,
				EB869A0E1F1D9BCC0084AD2C /* JumpStarView.m */,
			);
			path = JumpStarView;
			sourceTree = "<group>";
		};
		EB869A101F1D9BE80084AD2C /* KYBubbleTransition */ = {
			isa = PBXGroup;
			children = (
				EB869A111F1D9BE80084AD2C /* KYBubbleInteractiveTransition.h */,
				EB869A121F1D9BE80084AD2C /* KYBubbleInteractiveTransition.m */,
				EB869A131F1D9BE80084AD2C /* KYBubbleTransition.h */,
				EB869A141F1D9BE80084AD2C /* KYBubbleTransition.m */,
			);
			path = KYBubbleTransition;
			sourceTree = "<group>";
		};
		EB869A451F1DA1A70084AD2C /* CircleView */ = {
			isa = PBXGroup;
			children = (
				EB869A461F1DA1C90084AD2C /* LHCircleView.h */,
				EB869A471F1DA1C90084AD2C /* LHCircleView.m */,
			);
			name = CircleView;
			sourceTree = "<group>";
		};
		EBF649651E9779C40089BF30 /* AnimationTwo */ = {
			isa = PBXGroup;
			children = (
			);
			name = AnimationTwo;
			sourceTree = "<group>";
		};
/* End PBXGroup section */

/* Begin PBXNativeTarget section */
		06C812CF1E8D3F5D00681168 /* LH_Animation */ = {
			isa = PBXNativeTarget;
			buildConfigurationList = 06C812FD1E8D3F5D00681168 /* Build configuration list for PBXNativeTarget "LH_Animation" */;
			buildPhases = (
				06C812CC1E8D3F5D00681168 /* Sources */,
				06C812CD1E8D3F5D00681168 /* Frameworks */,
				06C812CE1E8D3F5D00681168 /* Resources */,
			);
			buildRules = (
			);
			dependencies = (
			);
			name = LH_Animation;
			productName = LH_Animation;
			productReference = 06C812D01E8D3F5D00681168 /* LH_Animation.app */;
			productType = "com.apple.product-type.application";
		};
		06C812E81E8D3F5D00681168 /* LH_AnimationTests */ = {
			isa = PBXNativeTarget;
			buildConfigurationList = 06C813001E8D3F5D00681168 /* Build configuration list for PBXNativeTarget "LH_AnimationTests" */;
			buildPhases = (
				06C812E51E8D3F5D00681168 /* Sources */,
				06C812E61E8D3F5D00681168 /* Frameworks */,
				06C812E71E8D3F5D00681168 /* Resources */,
			);
			buildRules = (
			);
			dependencies = (
				06C812EB1E8D3F5D00681168 /* PBXTargetDependency */,
			);
			name = LH_AnimationTests;
			productName = LH_AnimationTests;
			productReference = 06C812E91E8D3F5D00681168 /* LH_AnimationTests.xctest */;
			productType = "com.apple.product-type.bundle.unit-test";
		};
		06C812F31E8D3F5D00681168 /* LH_AnimationUITests */ = {
			isa = PBXNativeTarget;
			buildConfigurationList = 06C813031E8D3F5D00681168 /* Build configuration list for PBXNativeTarget "LH_AnimationUITests" */;
			buildPhases = (
				06C812F01E8D3F5D00681168 /* Sources */,
				06C812F11E8D3F5D00681168 /* Frameworks */,
				06C812F21E8D3F5D00681168 /* Resources */,
			);
			buildRules = (
			);
			dependencies = (
				06C812F61E8D3F5D00681168 /* PBXTargetDependency */,
			);
			name = LH_AnimationUITests;
			productName = LH_AnimationUITests;
			productReference = 06C812F41E8D3F5D00681168 /* LH_AnimationUITests.xctest */;
			productType = "com.apple.product-type.bundle.ui-testing";
		};
/* End PBXNativeTarget section */

/* Begin PBXProject section */
		06C812C81E8D3F5D00681168 /* Project object */ = {
			isa = PBXProject;
			attributes = {
				LastUpgradeCheck = 0820;
				ORGANIZATIONNAME = "李欢";
				TargetAttributes = {
					06C812CF1E8D3F5D00681168 = {
						CreatedOnToolsVersion = 8.2.1;
						DevelopmentTeam = C78VJKGV2J;
						ProvisioningStyle = Automatic;
					};
					06C812E81E8D3F5D00681168 = {
						CreatedOnToolsVersion = 8.2.1;
						ProvisioningStyle = Automatic;
						TestTargetID = 06C812CF1E8D3F5D00681168;
					};
					06C812F31E8D3F5D00681168 = {
						CreatedOnToolsVersion = 8.2.1;
						ProvisioningStyle = Automatic;
						TestTargetID = 06C812CF1E8D3F5D00681168;
					};
				};
			};
			buildConfigurationList = 06C812CB1E8D3F5D00681168 /* Build configuration list for PBXProject "LH_Animation" */;
			compatibilityVersion = "Xcode 3.2";
			developmentRegion = English;
			hasScannedForEncodings = 0;
			knownRegions = (
				en,
				Base,
			);
			mainGroup = 06C812C71E8D3F5D00681168;
			productRefGroup = 06C812D11E8D3F5D00681168 /* Products */;
			projectDirPath = "";
			projectRoot = "";
			targets = (
				06C812CF1E8D3F5D00681168 /* LH_Animation */,
				06C812E81E8D3F5D00681168 /* LH_AnimationTests */,
				06C812F31E8D3F5D00681168 /* LH_AnimationUITests */,
			);
		};
/* End PBXProject section */

/* Begin PBXResourcesBuildPhase section */
		06C812CE1E8D3F5D00681168 /* Resources */ = {
			isa = PBXResourcesBuildPhase;
			buildActionMask = 2147483647;
			files = (
				06C812E31E8D3F5D00681168 /* LaunchScreen.storyboard in Resources */,
				EB03EF611EE7DD5400B2F212 /* document_test.rtf in Resources */,
				06C812E01E8D3F5D00681168 /* Assets.xcassets in Resources */,
				06C812DE1E8D3F5D00681168 /* Main.storyboard in Resources */,
			);
			runOnlyForDeploymentPostprocessing = 0;
		};
		06C812E71E8D3F5D00681168 /* Resources */ = {
			isa = PBXResourcesBuildPhase;
			buildActionMask = 2147483647;
			files = (
			);
			runOnlyForDeploymentPostprocessing = 0;
		};
		06C812F21E8D3F5D00681168 /* Resources */ = {
			isa = PBXResourcesBuildPhase;
			buildActionMask = 2147483647;
			files = (
			);
			runOnlyForDeploymentPostprocessing = 0;
		};
/* End PBXResourcesBuildPhase section */

/* Begin PBXSourcesBuildPhase section */
		06C812CC1E8D3F5D00681168 /* Sources */ = {
			isa = PBXSourcesBuildPhase;
			buildActionMask = 2147483647;
			files = (
				EB869A0B1F1D9A0B0084AD2C /* LoadingHUD.m in Sources */,
				EBF649681E977A640089BF30 /* AnimationCommonTwoViewController.m in Sources */,
				06C813091E8D401600681168 /* AnimationOneViewController.m in Sources */,
				0616A8021F2786E4004BC8DC /* Person.m in Sources */,
				0616A8051F27871D004BC8DC /* NSObject+Runtime.m in Sources */,
				EB03EF5F1EE7D0F200B2F212 /* LHAnimationThreeController.m in Sources */,
				EB869A0F1F1D9BCC0084AD2C /* JumpStarView.m in Sources */,
				06C812DB1E8D3F5D00681168 /* ViewController.m in Sources */,
				06C8130C1E8D48CA00681168 /* AnimationCommonOneViewController.m in Sources */,
				06C812D81E8D3F5D00681168 /* AppDelegate.m in Sources */,
				06C812D51E8D3F5D00681168 /* main.m in Sources */,
				EB2EF74C1E960E19002C43A2 /* OneVeiw.m in Sources */,
				EBF6496B1E977C040089BF30 /* VariFlightAnimationView.m in Sources */,
				EB869A2E1F1D9BE80084AD2C /* KYBubbleInteractiveTransition.m in Sources */,
				EB869A481F1DA1C90084AD2C /* LHCircleView.m in Sources */,
				EB869A2F1F1D9BE80084AD2C /* KYBubbleTransition.m in Sources */,
			);
			runOnlyForDeploymentPostprocessing = 0;
		};
		06C812E51E8D3F5D00681168 /* Sources */ = {
			isa = PBXSourcesBuildPhase;
			buildActionMask = 2147483647;
			files = (
				06C812EE1E8D3F5D00681168 /* LH_AnimationTests.m in Sources */,
			);
			runOnlyForDeploymentPostprocessing = 0;
		};
		06C812F01E8D3F5D00681168 /* Sources */ = {
			isa = PBXSourcesBuildPhase;
			buildActionMask = 2147483647;
			files = (
				06C812F91E8D3F5D00681168 /* LH_AnimationUITests.m in Sources */,
			);
			runOnlyForDeploymentPostprocessing = 0;
		};
/* End PBXSourcesBuildPhase section */

/* Begin PBXTargetDependency section */
		06C812EB1E8D3F5D00681168 /* PBXTargetDependency */ = {
			isa = PBXTargetDependency;
			target = 06C812CF1E8D3F5D00681168 /* LH_Animation */;
			targetProxy = 06C812EA1E8D3F5D00681168 /* PBXContainerItemProxy */;
		};
		06C812F61E8D3F5D00681168 /* PBXTargetDependency */ = {
			isa = PBXTargetDependency;
			target = 06C812CF1E8D3F5D00681168 /* LH_Animation */;
			targetProxy = 06C812F51E8D3F5D00681168 /* PBXContainerItemProxy */;
		};
/* End PBXTargetDependency section */

/* Begin PBXVariantGroup section */
		06C812DC1E8D3F5D00681168 /* Main.storyboard */ = {
			isa = PBXVariantGroup;
			children = (
				06C812DD1E8D3F5D00681168 /* Base */,
			);
			name = Main.storyboard;
			sourceTree = "<group>";
		};
		06C812E11E8D3F5D00681168 /* LaunchScreen.storyboard */ = {
			isa = PBXVariantGroup;
			children = (
				06C812E21E8D3F5D00681168 /* Base */,
			);
			name = LaunchScreen.storyboard;
			sourceTree = "<group>";
		};
/* End PBXVariantGroup section */

/* Begin XCBuildConfiguration section */
		06C812FB1E8D3F5D00681168 /* Debug */ = {
			isa = XCBuildConfiguration;
			buildSettings = {
				ALWAYS_SEARCH_USER_PATHS = NO;
				CLANG_ANALYZER_NONNULL = YES;
				CLANG_CXX_LANGUAGE_STANDARD = "gnu++0x";
				CLANG_CXX_LIBRARY = "libc++";
				CLANG_ENABLE_MODULES = YES;
				CLANG_ENABLE_OBJC_ARC = YES;
				CLANG_WARN_BOOL_CONVERSION = YES;
				CLANG_WARN_CONSTANT_CONVERSION = YES;
				CLANG_WARN_DIRECT_OBJC_ISA_USAGE = YES_ERROR;
				CLANG_WARN_DOCUMENTATION_COMMENTS = YES;
				CLANG_WARN_EMPTY_BODY = YES;
				CLANG_WARN_ENUM_CONVERSION = YES;
				CLANG_WARN_INFINITE_RECURSION = YES;
				CLANG_WARN_INT_CONVERSION = YES;
				CLANG_WARN_OBJC_ROOT_CLASS = YES_ERROR;
				CLANG_WARN_SUSPICIOUS_MOVE = YES;
				CLANG_WARN_UNREACHABLE_CODE = YES;
				CLANG_WARN__DUPLICATE_METHOD_MATCH = YES;
				"CODE_SIGN_IDENTITY[sdk=iphoneos*]" = "iPhone Developer";
				COPY_PHASE_STRIP = NO;
				DEBUG_INFORMATION_FORMAT = dwarf;
				ENABLE_STRICT_OBJC_MSGSEND = YES;
				ENABLE_TESTABILITY = YES;
				GCC_C_LANGUAGE_STANDARD = gnu99;
				GCC_DYNAMIC_NO_PIC = NO;
				GCC_NO_COMMON_BLOCKS = YES;
				GCC_OPTIMIZATION_LEVEL = 0;
				GCC_PREPROCESSOR_DEFINITIONS = (
					"DEBUG=1",
					"$(inherited)",
				);
				GCC_WARN_64_TO_32_BIT_CONVERSION = YES;
				GCC_WARN_ABOUT_RETURN_TYPE = YES_ERROR;
				GCC_WARN_UNDECLARED_SELECTOR = YES;
				GCC_WARN_UNINITIALIZED_AUTOS = YES_AGGRESSIVE;
				GCC_WARN_UNUSED_FUNCTION = YES;
				GCC_WARN_UNUSED_VARIABLE = YES;
				IPHONEOS_DEPLOYMENT_TARGET = 9.0;
				MTL_ENABLE_DEBUG_INFO = YES;
				ONLY_ACTIVE_ARCH = YES;
				SDKROOT = iphoneos;
				TARGETED_DEVICE_FAMILY = "1,2";
			};
			name = Debug;
		};
		06C812FC1E8D3F5D00681168 /* Release */ = {
			isa = XCBuildConfiguration;
			buildSettings = {
				ALWAYS_SEARCH_USER_PATHS = NO;
				CLANG_ANALYZER_NONNULL = YES;
				CLANG_CXX_LANGUAGE_STANDARD = "gnu++0x";
				CLANG_CXX_LIBRARY = "libc++";
				CLANG_ENABLE_MODULES = YES;
				CLANG_ENABLE_OBJC_ARC = YES;
				CLANG_WARN_BOOL_CONVERSION = YES;
				CLANG_WARN_CONSTANT_CONVERSION = YES;
				CLANG_WARN_DIRECT_OBJC_ISA_USAGE = YES_ERROR;
				CLANG_WARN_DOCUMENTATION_COMMENTS = YES;
				CLANG_WARN_EMPTY_BODY = YES;
				CLANG_WARN_ENUM_CONVERSION = YES;
				CLANG_WARN_INFINITE_RECURSION = YES;
				CLANG_WARN_INT_CONVERSION = YES;
				CLANG_WARN_OBJC_ROOT_CLASS = YES_ERROR;
				CLANG_WARN_SUSPICIOUS_MOVE = YES;
				CLANG_WARN_UNREACHABLE_CODE = YES;
				CLANG_WARN__DUPLICATE_METHOD_MATCH = YES;
				"CODE_SIGN_IDENTITY[sdk=iphoneos*]" = "iPhone Developer";
				COPY_PHASE_STRIP = NO;
				DEBUG_INFORMATION_FORMAT = "dwarf-with-dsym";
				ENABLE_NS_ASSERTIONS = NO;
				ENABLE_STRICT_OBJC_MSGSEND = YES;
				GCC_C_LANGUAGE_STANDARD = gnu99;
				GCC_NO_COMMON_BLOCKS = YES;
				GCC_WARN_64_TO_32_BIT_CONVERSION = YES;
				GCC_WARN_ABOUT_RETURN_TYPE = YES_ERROR;
				GCC_WARN_UNDECLARED_SELECTOR = YES;
				GCC_WARN_UNINITIALIZED_AUTOS = YES_AGGRESSIVE;
				GCC_WARN_UNUSED_FUNCTION = YES;
				GCC_WARN_UNUSED_VARIABLE = YES;
				IPHONEOS_DEPLOYMENT_TARGET = 9.0;
				MTL_ENABLE_DEBUG_INFO = NO;
				SDKROOT = iphoneos;
				TARGETED_DEVICE_FAMILY = "1,2";
				VALIDATE_PRODUCT = YES;
			};
			name = Release;
		};
		06C812FE1E8D3F5D00681168 /* Debug */ = {
			isa = XCBuildConfiguration;
			buildSettings = {
				ASSETCATALOG_COMPILER_APPICON_NAME = AppIcon;
				DEVELOPMENT_TEAM = C78VJKGV2J;
				INFOPLIST_FILE = LH_Animation/Info.plist;
				LD_RUNPATH_SEARCH_PATHS = "$(inherited) @executable_path/Frameworks";
				PRODUCT_BUNDLE_IDENTIFIER = "LH.LH-Animation";
				PRODUCT_NAME = "$(TARGET_NAME)";
			};
			name = Debug;
		};
		06C812FF1E8D3F5D00681168 /* Release */ = {
			isa = XCBuildConfiguration;
			buildSettings = {
				ASSETCATALOG_COMPILER_APPICON_NAME = AppIcon;
				DEVELOPMENT_TEAM = C78VJKGV2J;
				INFOPLIST_FILE = LH_Animation/Info.plist;
				LD_RUNPATH_SEARCH_PATHS = "$(inherited) @executable_path/Frameworks";
				PRODUCT_BUNDLE_IDENTIFIER = "LH.LH-Animation";
				PRODUCT_NAME = "$(TARGET_NAME)";
			};
			name = Release;
		};
		06C813011E8D3F5D00681168 /* Debug */ = {
			isa = XCBuildConfiguration;
			buildSettings = {
				BUNDLE_LOADER = "$(TEST_HOST)";
				INFOPLIST_FILE = LH_AnimationTests/Info.plist;
				LD_RUNPATH_SEARCH_PATHS = "$(inherited) @executable_path/Frameworks @loader_path/Frameworks";
				PRODUCT_BUNDLE_IDENTIFIER = "LH.LH-AnimationTests";
				PRODUCT_NAME = "$(TARGET_NAME)";
				TEST_HOST = "$(BUILT_PRODUCTS_DIR)/LH_Animation.app/LH_Animation";
			};
			name = Debug;
		};
		06C813021E8D3F5D00681168 /* Release */ = {
			isa = XCBuildConfiguration;
			buildSettings = {
				BUNDLE_LOADER = "$(TEST_HOST)";
				INFOPLIST_FILE = LH_AnimationTests/Info.plist;
				LD_RUNPATH_SEARCH_PATHS = "$(inherited) @executable_path/Frameworks @loader_path/Frameworks";
				PRODUCT_BUNDLE_IDENTIFIER = "LH.LH-AnimationTests";
				PRODUCT_NAME = "$(TARGET_NAME)";
				TEST_HOST = "$(BUILT_PRODUCTS_DIR)/LH_Animation.app/LH_Animation";
			};
			name = Release;
		};
		06C813041E8D3F5D00681168 /* Debug */ = {
			isa = XCBuildConfiguration;
			buildSettings = {
				INFOPLIST_FILE = LH_AnimationUITests/Info.plist;
				LD_RUNPATH_SEARCH_PATHS = "$(inherited) @executable_path/Frameworks @loader_path/Frameworks";
				PRODUCT_BUNDLE_IDENTIFIER = "LH.LH-AnimationUITests";
				PRODUCT_NAME = "$(TARGET_NAME)";
				TEST_TARGET_NAME = LH_Animation;
			};
			name = Debug;
		};
		06C813051E8D3F5D00681168 /* Release */ = {
			isa = XCBuildConfiguration;
			buildSettings = {
				INFOPLIST_FILE = LH_AnimationUITests/Info.plist;
				LD_RUNPATH_SEARCH_PATHS = "$(inherited) @executable_path/Frameworks @loader_path/Frameworks";
				PRODUCT_BUNDLE_IDENTIFIER = "LH.LH-AnimationUITests";
				PRODUCT_NAME = "$(TARGET_NAME)";
				TEST_TARGET_NAME = LH_Animation;
			};
			name = Release;
		};
/* End XCBuildConfiguration section */

/* Begin XCConfigurationList section */
		06C812CB1E8D3F5D00681168 /* Build configuration list for PBXProject "LH_Animation" */ = {
			isa = XCConfigurationList;
			buildConfigurations = (
				06C812FB1E8D3F5D00681168 /* Debug */,
				06C812FC1E8D3F5D00681168 /* Release */,
			);
			defaultConfigurationIsVisible = 0;
			defaultConfigurationName = Release;
		};
		06C812FD1E8D3F5D00681168 /* Build configuration list for PBXNativeTarget "LH_Animation" */ = {
			isa = XCConfigurationList;
			buildConfigurations = (
				06C812FE1E8D3F5D00681168 /* Debug */,
				06C812FF1E8D3F5D00681168 /* Release */,
			);
			defaultConfigurationIsVisible = 0;
			defaultConfigurationName = Release;
		};
		06C813001E8D3F5D00681168 /* Build configuration list for PBXNativeTarget "LH_AnimationTests" */ = {
			isa = XCConfigurationList;
			buildConfigurations = (
				06C813011E8D3F5D00681168 /* Debug */,
				06C813021E8D3F5D00681168 /* Release */,
			);
			defaultConfigurationIsVisible = 0;
			defaultConfigurationName = Release;
		};
		06C813031E8D3F5D00681168 /* Build configuration list for PBXNativeTarget "LH_AnimationUITests" */ = {
			isa = XCConfigurationList;
			buildConfigurations = (
				06C813041E8D3F5D00681168 /* Debug */,
				06C813051E8D3F5D00681168 /* Release */,
			);
			defaultConfigurationIsVisible = 0;
			defaultConfigurationName = Release;
		};
/* End XCConfigurationList section */
	};
	rootObject = 06C812C81E8D3F5D00681168 /* Project object */;
}
